
Microsoft Visual Studio Solution File, Format Version 12.00
# Visual Studio Version 16
VisualStudioVersion = 16.0.32929.386
MinimumVisualStudioVersion = 10.0.40219.1
Project("{FAE04EC0-301F-11D3-BF4B-00C04F79EFBC}") = "Wpf-Task1", "Wpf-Task1\Wpf-Task1.csproj", "{2EC16701-F095-4C54-9229-3A3485ADB748}"
EndProject
Global
	GlobalSection(SolutionConfigurationPlatforms) = preSolution
		Debug|Any CPU = Debug|Any CPU
		Release|Any CPU = Release|Any CPU
	EndGlobalSection
	GlobalSection(ProjectConfigurationPlatforms) = postSolution
		{2EC16701-F095-4C54-9229-3A3485ADB748}.Debug|Any CPU.ActiveCfg = Debug|Any CPU
		{2EC16701-F095-4C54-9229-3A3485ADB748}.Debug|Any CPU.Build.0 = Debug|Any CPU
		{2EC16701-F095-4C54-9229-3A3485ADB748}.Release|Any CPU.ActiveCfg = Release|Any CPU
		{2EC16701-F095-4C54-9229-3A3485ADB748}.Release|Any CPU.Build.0 = Release|Any CPU
	EndGlobalSection
	GlobalSection(SolutionProperties) = preSolution
		HideSolutionNode = FALSE
	EndGlobalSection
	GlobalSection(ExtensibilityGlobals) = postSolution
		SolutionGuid = {DF0A0424-40FC-4A7B-9968-CF58959E76F8}
	EndGlobalSection
EndGlobal
